
Microsoft Visual Studio Solution File, Format Version 12.00
# Visual Studio Version 16
VisualStudioVersion = 16.0.31025.218
MinimumVisualStudioVersion = 10.0.40219.1
Project("{FAE04EC0-301F-11D3-BF4B-00C04F79EFBC}") = "MyBBSApi", "MyBBSApi\MyBBSApi.csproj", "{F5DA77C4-0192-4D07-8BE7-B13002A18E36}"
EndProject
Global
	GlobalSection(SolutionConfigurationPlatforms) = preSolution
		Debug|Any CPU = Debug|Any CPU
		Release|Any CPU = Release|Any CPU
	EndGlobalSection
	GlobalSection(ProjectConfigurationPlatforms) = postSolution
		{F5DA77C4-0192-4D07-8BE7-B13002A18E36}.Debug|Any CPU.ActiveCfg = Debug|Any CPU
		{F5DA77C4-0192-4D07-8BE7-B13002A18E36}.Debug|Any CPU.Build.0 = Debug|Any CPU
		{F5DA77C4-0192-4D07-8BE7-B13002A18E36}.Release|Any CPU.ActiveCfg = Release|Any CPU
		{F5DA77C4-0192-4D07-8BE7-B13002A18E36}.Release|Any CPU.Build.0 = Release|Any CPU
	EndGlobalSection
	GlobalSection(SolutionProperties) = preSolution
		HideSolutionNode = FALSE
	EndGlobalSection
	GlobalSection(ExtensibilityGlobals) = postSolution
		SolutionGuid = {B32EA2C5-4279-460A-AD57-5E4191A7DF43}
	EndGlobalSection
EndGlobal
